{
  "name": "credential-rotation-orchestrator",
  "version": "0.2.3",
  "lockfileVersion": 3,
  "requires": true,
  "packages": {
    "": {
      "name": "credential-rotation-orchestrator",
      "version": "0.2.3",
      "license": "Apache-2.0",
      "engines": {
        "node": ">=22"
      },
      "bin": {
        "cro": "bin/cro.js"
      }
    }
  }
}
